// !$*UTF8*$!
{
	archiveVersion = 1;
	classes = {
	};
	objectVersion = 50;
	objects = {

/* Begin PBXBuildFile section */
		2773CCE72162ED81007509DA /* AppDelegate.swift in Sources */ = {isa = PBXBuildFile; fileRef = 2773CCE62162ED81007509DA /* AppDelegate.swift */; };
		2773CCE92162ED81007509DA /* ViewController.swift in Sources */ = {isa = PBXBuildFile; fileRef = 2773CCE82162ED81007509DA /* ViewController.swift */; };
		2773CCEC2162ED81007509DA /* Main.storyboard in Resources */ = {isa = PBXBuildFile; fileRef = 2773CCEA2162ED81007509DA /* Main.storyboard */; };
		2773CCEE2162ED84007509DA /* Assets.xcassets in Resources */ = {isa = PBXBuildFile; fileRef = 2773CCED2162ED84007509DA /* Assets.xcassets */; };
		2773CCF12162ED84007509DA /* LaunchScreen.storyboard in Resources */ = {isa = PBXBuildFile; fileRef = 2773CCEF2162ED84007509DA /* LaunchScreen.storyboard */; };
		2773CCFC2162ED85007509DA /* Flix_Part1Tests.swift in Sources */ = {isa = PBXBuildFile; fileRef = 2773CCFB2162ED85007509DA /* Flix_Part1Tests.swift */; };
		2773CD072162ED85007509DA /* Flix_Part1UITests.swift in Sources */ = {isa = PBXBuildFile; fileRef = 2773CD062162ED85007509DA /* Flix_Part1UITests.swift */; };
/* End PBXBuildFile section */

/* Begin PBXContainerItemProxy section */
		2773CCF82162ED85007509DA /* PBXContainerItemProxy */ = {
			isa = PBXContainerItemProxy;
			containerPortal = 2773CCDB2162ED80007509DA /* Project object */;
			proxyType = 1;
			remoteGlobalIDString = 2773CCE22162ED81007509DA;
			remoteInfo = Flix_Part1;
		};
		2773CD032162ED85007509DA /* PBXContainerItemProxy */ = {
			isa = PBXContainerItemProxy;
			containerPortal = 2773CCDB2162ED80007509DA /* Project object */;
			proxyType = 1;
			remoteGlobalIDString = 2773CCE22162ED81007509DA;
			remoteInfo = Flix_Part1;
		};
/* End PBXContainerItemProxy section */

/* Begin PBXFileReference section */
		2773CCE32162ED81007509DA /* Flix_Part1.app */ = {isa = PBXFileReference; explicitFileType = wrapper.application; includeInIndex = 0; path = Flix_Part1.app; sourceTree = BUILT_PRODUCTS_DIR; };
		2773CCE62162ED81007509DA /* AppDelegate.swift */ = {isa = PBXFileReference; lastKnownFileType = sourcecode.swift; path = AppDelegate.swift; sourceTree = "<group>"; };
		2773CCE82162ED81007509DA /* ViewController.swift */ = {isa = PBXFileReference; lastKnownFileType = sourcecode.swift; path = ViewController.swift; sourceTree = "<group>"; };
		2773CCEB2162ED81007509DA /* Base */ = {isa = PBXFileReference; lastKnownFileType = file.storyboard; name = Base; path = Base.lproj/Main.storyboard; sourceTree = "<group>"; };
		2773CCED2162ED84007509DA /* Assets.xcassets */ = {isa = PBXFileReference; lastKnownFileType = folder.assetcatalog; path = Assets.xcassets; sourceTree = "<group>"; };
		2773CCF02162ED84007509DA /* Base */ = {isa = PBXFileReference; lastKnownFileType = file.storyboard; name = Base; path = Base.lproj/LaunchScreen.storyboard; sourceTree = "<group>"; };
		2773CCF22162ED84007509DA /* Info.plist */ = {isa = PBXFileReference; lastKnownFileType = text.plist.xml; path = Info.plist; sourceTree = "<group>"; };
		2773CCF72162ED85007509DA /* Flix_Part1Tests.xctest */ = {isa = PBXFileReference; explicitFileType = wrapper.cfbundle; includeInIndex = 0; path = Flix_Part1Tests.xctest; sourceTree = BUILT_PRODUCTS_DIR; };
		2773CCFB2162ED85007509DA /* Flix_Part1Tests.swift */ = {isa = PBXFileReference; lastKnownFileType = sourcecode.swift; path = Flix_Part1Tests.swift; sourceTree = "<group>"; };
		2773CCFD2162ED85007509DA /* Info.plist */ = {isa = PBXFileReference; lastKnownFileType = text.plist.xml; path = Info.plist; sourceTree = "<group>"; };
		2773CD022162ED85007509DA /* Flix_Part1UITests.xctest */ = {isa = PBXFileReference; explicitFileType = wrapper.cfbundle; includeInIndex = 0; path = Flix_Part1UITests.xctest; sourceTree = BUILT_PRODUCTS_DIR; };
		2773CD062162ED85007509DA /* Flix_Part1UITests.swift */ = {isa = PBXFileReference; lastKnownFileType = sourcecode.swift; path = Flix_Part1UITests.swift; sourceTree = "<group>"; };
		2773CD082162ED85007509DA /* Info.plist */ = {isa = PBXFileReference; lastKnownFileType = text.plist.xml; path = Info.plist; sourceTree = "<group>"; };
/* End PBXFileReference section */

/* Begin PBXFrameworksBuildPhase section */
		2773CCE02162ED81007509DA /* Frameworks */ = {
			isa = PBXFrameworksBuildPhase;
			buildActionMask = 2147483647;
			files = (
			);
			runOnlyForDeploymentPostprocessing = 0;
		};
		2773CCF42162ED85007509DA /* Frameworks */ = {
			isa = PBXFrameworksBuildPhase;
			buildActionMask = 2147483647;
			files = (
			);
			runOnlyForDeploymentPostprocessing = 0;
		};
		2773CCFF2162ED85007509DA /* Frameworks */ = {
			isa = PBXFrameworksBuildPhase;
			buildActionMask = 2147483647;
			files = (
			);
			runOnlyForDeploymentPostprocessing = 0;
		};
/* End PBXFrameworksBuildPhase section */

/* Begin PBXGroup section */
		2773CCDA2162ED80007509DA = {
			isa = PBXGroup;
			children = (
				2773CCE52162ED81007509DA /* Flix_Part1 */,
				2773CCFA2162ED85007509DA /* Flix_Part1Tests */,
				2773CD052162ED85007509DA /* Flix_Part1UITests */,
				2773CCE42162ED81007509DA /* Products */,
			);
			sourceTree = "<group>";
		};
		2773CCE42162ED81007509DA /* Products */ = {
			isa = PBXGroup;
			children = (
				2773CCE32162ED81007509DA /* Flix_Part1.app */,
				2773CCF72162ED85007509DA /* Flix_Part1Tests.xctest */,
				2773CD022162ED85007509DA /* Flix_Part1UITests.xctest */,
			);
			name = Products;
			sourceTree = "<group>";
		};
		2773CCE52162ED81007509DA /* Flix_Part1 */ = {
			isa = PBXGroup;
			children = (
				2773CCE62162ED81007509DA /* AppDelegate.swift */,
				2773CCE82162ED81007509DA /* ViewController.swift */,
				2773CCEA2162ED81007509DA /* Main.storyboard */,
				2773CCED2162ED84007509DA /* Assets.xcassets */,
				2773CCEF2162ED84007509DA /* LaunchScreen.storyboard */,
				2773CCF22162ED84007509DA /* Info.plist */,
			);
			path = Flix_Part1;
			sourceTree = "<group>";
		};
		2773CCFA2162ED85007509DA /* Flix_Part1Tests */ = {
			isa = PBXGroup;
			children = (
				2773CCFB2162ED85007509DA /* Flix_Part1Tests.swift */,
				2773CCFD2162ED85007509DA /* Info.plist */,
			);
			path = Flix_Part1Tests;
			sourceTree = "<group>";
		};
		2773CD052162ED85007509DA /* Flix_Part1UITests */ = {
			isa = PBXGroup;
			children = (
				2773CD062162ED85007509DA /* Flix_Part1UITests.swift */,
				2773CD082162ED85007509DA /* Info.plist */,
			);
			path = Flix_Part1UITests;
			sourceTree = "<group>";
		};
/* End PBXGroup section */

/* Begin PBXNativeTarget section */
		2773CCE22162ED81007509DA /* Flix_Part1 */ = {
			isa = PBXNativeTarget;
			buildConfigurationList = 2773CD0B2162ED85007509DA /* Build configuration list for PBXNativeTarget "Flix_Part1" */;
			buildPhases = (
				2773CCDF2162ED81007509DA /* Sources */,
				2773CCE02162ED81007509DA /* Frameworks */,
				2773CCE12162ED81007509DA /* Resources */,
			);
			buildRules = (
			);
			dependencies = (
			);
			name = Flix_Part1;
			productName = Flix_Part1;
			productReference = 2773CCE32162ED81007509DA /* Flix_Part1.app */;
			productType = "com.apple.product-type.application";
		};
		2773CCF62162ED85007509DA /* Flix_Part1Tests */ = {
			isa = PBXNativeTarget;
			buildConfigurationList = 2773CD0E2162ED85007509DA /* Build configuration list for PBXNativeTarget "Flix_Part1Tests" */;
			buildPhases = (
				2773CCF32162ED85007509DA /* Sources */,
				2773CCF42162ED85007509DA /* Frameworks */,
				2773CCF52162ED85007509DA /* Resources */,
			);
			buildRules = (
			);
			dependencies = (
				2773CCF92162ED85007509DA /* PBXTargetDependency */,
			);
			name = Flix_Part1Tests;
			productName = Flix_Part1Tests;
			productReference = 2773CCF72162ED85007509DA /* Flix_Part1Tests.xctest */;
			productType = "com.apple.product-type.bundle.unit-test";
		};
		2773CD012162ED85007509DA /* Flix_Part1UITests */ = {
			isa = PBXNativeTarget;
			buildConfigurationList = 2773CD112162ED85007509DA /* Build configuration list for PBXNativeTarget "Flix_Part1UITests" */;
			buildPhases = (
				2773CCFE2162ED85007509DA /* Sources */,
				2773CCFF2162ED85007509DA /* Frameworks */,
				2773CD002162ED85007509DA /* Resources */,
			);
			buildRules = (
			);
			dependencies = (
				2773CD042162ED85007509DA /* PBXTargetDependency */,
			);
			name = Flix_Part1UITests;
			productName = Flix_Part1UITests;
			productReference = 2773CD022162ED85007509DA /* Flix_Part1UITests.xctest */;
			productType = "com.apple.product-type.bundle.ui-testing";
		};
/* End PBXNativeTarget section */

/* Begin PBXProject section */
		2773CCDB2162ED80007509DA /* Project object */ = {
			isa = PBXProject;
			attributes = {
				LastSwiftUpdateCheck = 1000;
				LastUpgradeCheck = 1000;
				ORGANIZATIONNAME = "Mike Su";
				TargetAttributes = {
					2773CCE22162ED81007509DA = {
						CreatedOnToolsVersion = 10.0;
					};
					2773CCF62162ED85007509DA = {
						CreatedOnToolsVersion = 10.0;
						TestTargetID = 2773CCE22162ED81007509DA;
					};
					2773CD012162ED85007509DA = {
						CreatedOnToolsVersion = 10.0;
						TestTargetID = 2773CCE22162ED81007509DA;
					};
				};
			};
			buildConfigurationList = 2773CCDE2162ED81007509DA /* Build configuration list for PBXProject "Flix_Part1" */;
			compatibilityVersion = "Xcode 9.3";
			developmentRegion = en;
			hasScannedForEncodings = 0;
			knownRegions = (
				en,
				Base,
			);
			mainGroup = 2773CCDA2162ED80007509DA;
			productRefGroup = 2773CCE42162ED81007509DA /* Products */;
			projectDirPath = "";
			projectRoot = "";
			targets = (
				2773CCE22162ED81007509DA /* Flix_Part1 */,
				2773CCF62162ED85007509DA /* Flix_Part1Tests */,
				2773CD012162ED85007509DA /* Flix_Part1UITests */,
			);
		};
/* End PBXProject section */

/* Begin PBXResourcesBuildPhase section */
		2773CCE12162ED81007509DA /* Resources */ = {
			isa = PBXResourcesBuildPhase;
			buildActionMask = 2147483647;
			files = (
				2773CCF12162ED84007509DA /* LaunchScreen.storyboard in Resources */,
				2773CCEE2162ED84007509DA /* Assets.xcassets in Resources */,
				2773CCEC2162ED81007509DA /* Main.storyboard in Resources */,
			);
			runOnlyForDeploymentPostprocessing = 0;
		};
		2773CCF52162ED85007509DA /* Resources */ = {
			isa = PBXResourcesBuildPhase;
			buildActionMask = 2147483647;
			files = (
			);
			runOnlyForDeploymentPostprocessing = 0;
		};
		2773CD002162ED85007509DA /* Resources */ = {
			isa = PBXResourcesBuildPhase;
			buildActionMask = 2147483647;
			files = (
			);
			runOnlyForDeploymentPostprocessing = 0;
		};
/* End PBXResourcesBuildPhase section */

/* Begin PBXSourcesBuildPhase section */
		2773CCDF2162ED81007509DA /* Sources */ = {
			isa = PBXSourcesBuildPhase;
			buildActionMask = 2147483647;
			files = (
				2773CCE92162ED81007509DA /* ViewController.swift in Sources */,
				2773CCE72162ED81007509DA /* AppDelegate.swift in Sources */,
			);
			runOnlyForDeploymentPostprocessing = 0;
		};
		2773CCF32162ED85007509DA /* Sources */ = {
			isa = PBXSourcesBuildPhase;
			buildActionMask = 2147483647;
			files = (
				2773CCFC2162ED85007509DA /* Flix_Part1Tests.swift in Sources */,
			);
			runOnlyForDeploymentPostprocessing = 0;
		};
		2773CCFE2162ED85007509DA /* Sources */ = {
			isa = PBXSourcesBuildPhase;
			buildActionMask = 2147483647;
			files = (
				2773CD072162ED85007509DA /* Flix_Part1UITests.swift in Sources */,
			);
			runOnlyForDeploymentPostprocessing = 0;
		};
/* End PBXSourcesBuildPhase section */

/* Begin PBXTargetDependency section */
		2773CCF92162ED85007509DA /* PBXTargetDependency */ = {
			isa = PBXTargetDependency;
			target = 2773CCE22162ED81007509DA /* Flix_Part1 */;
			targetProxy = 2773CCF82162ED85007509DA /* PBXContainerItemProxy */;
		};
		2773CD042162ED85007509DA /* PBXTargetDependency */ = {
			isa = PBXTargetDependency;
			target = 2773CCE22162ED81007509DA /* Flix_Part1 */;
			targetProxy = 2773CD032162ED85007509DA /* PBXContainerItemProxy */;
		};
/* End PBXTargetDependency section */

/* Begin PBXVariantGroup section */
		2773CCEA2162ED81007509DA /* Main.storyboard */ = {
			isa = PBXVariantGroup;
			children = (
				2773CCEB2162ED81007509DA /* Base */,
			);
			name = Main.storyboard;
			sourceTree = "<group>";
		};
		2773CCEF2162ED84007509DA /* LaunchScreen.storyboard */ = {
			isa = PBXVariantGroup;
			children = (
				2773CCF02162ED84007509DA /* Base */,
			);
			name = LaunchScreen.storyboard;
			sourceTree = "<group>";
		};
/* End PBXVariantGroup section */

/* Begin XCBuildConfiguration section */
		2773CD092162ED85007509DA /* Debug */ = {
			isa = XCBuildConfiguration;
			buildSettings = {
				ALWAYS_SEARCH_USER_PATHS = NO;
				CLANG_ANALYZER_NONNULL = YES;
				CLANG_ANALYZER_NUMBER_OBJECT_CONVERSION = YES_AGGRESSIVE;
				CLANG_CXX_LANGUAGE_STANDARD = "gnu++14";
				CLANG_CXX_LIBRARY = "libc++";
				CLANG_ENABLE_MODULES = YES;
				CLANG_ENABLE_OBJC_ARC = YES;
				CLANG_ENABLE_OBJC_WEAK = YES;
				CLANG_WARN_BLOCK_CAPTURE_AUTORELEASING = YES;
				CLANG_WARN_BOOL_CONVERSION = YES;
				CLANG_WARN_COMMA = YES;
				CLANG_WARN_CONSTANT_CONVERSION = YES;
				CLANG_WARN_DEPRECATED_OBJC_IMPLEMENTATIONS = YES;
				CLANG_WARN_DIRECT_OBJC_ISA_USAGE = YES_ERROR;
				CLANG_WARN_DOCUMENTATION_COMMENTS = YES;
				CLANG_WARN_EMPTY_BODY = YES;
				CLANG_WARN_ENUM_CONVERSION = YES;
				CLANG_WARN_INFINITE_RECURSION = YES;
				CLANG_WARN_INT_CONVERSION = YES;
				CLANG_WARN_NON_LITERAL_NULL_CONVERSION = YES;
				CLANG_WARN_OBJC_IMPLICIT_RETAIN_SELF = YES;
				CLANG_WARN_OBJC_LITERAL_CONVERSION = YES;
				CLANG_WARN_OBJC_ROOT_CLASS = YES_ERROR;
				CLANG_WARN_RANGE_LOOP_ANALYSIS = YES;
				CLANG_WARN_STRICT_PROTOTYPES = YES;
				CLANG_WARN_SUSPICIOUS_MOVE = YES;
				CLANG_WARN_UNGUARDED_AVAILABILITY = YES_AGGRESSIVE;
				CLANG_WARN_UNREACHABLE_CODE = YES;
				CLANG_WARN__DUPLICATE_METHOD_MATCH = YES;
				CODE_SIGN_IDENTITY = "iPhone Developer";
				COPY_PHASE_STRIP = NO;
				DEBUG_INFORMATION_FORMAT = dwarf;
				ENABLE_STRICT_OBJC_MSGSEND = YES;
				ENABLE_TESTABILITY = YES;
				GCC_C_LANGUAGE_STANDARD = gnu11;
				GCC_DYNAMIC_NO_PIC = NO;
				GCC_NO_COMMON_BLOCKS = YES;
				GCC_OPTIMIZATION_LEVEL = 0;
				GCC_PREPROCESSOR_DEFINITIONS = (
					"DEBUG=1",
					"$(inherited)",
				);
				GCC_WARN_64_TO_32_BIT_CONVERSION = YES;
				GCC_WARN_ABOUT_RETURN_TYPE = YES_ERROR;
				GCC_WARN_UNDECLARED_SELECTOR = YES;
				GCC_WARN_UNINITIALIZED_AUTOS = YES_AGGRESSIVE;
				GCC_WARN_UNUSED_FUNCTION = YES;
				GCC_WARN_UNUSED_VARIABLE = YES;
				IPHONEOS_DEPLOYMENT_TARGET = 12.0;
				MTL_ENABLE_DEBUG_INFO = INCLUDE_SOURCE;
				MTL_FAST_MATH = YES;
				ONLY_ACTIVE_ARCH = YES;
				SDKROOT = iphoneos;
				SWIFT_ACTIVE_COMPILATION_CONDITIONS = DEBUG;
				SWIFT_OPTIMIZATION_LEVEL = "-Onone";
			};
			name = Debug;
		};
		2773CD0A2162ED85007509DA /* Release */ = {
			isa = XCBuildConfiguration;
			buildSettings = {
				ALWAYS_SEARCH_USER_PATHS = NO;
				CLANG_ANALYZER_NONNULL = YES;
				CLANG_ANALYZER_NUMBER_OBJECT_CONVERSION = YES_AGGRESSIVE;
				CLANG_CXX_LANGUAGE_STANDARD = "gnu++14";
				CLANG_CXX_LIBRARY = "libc++";
				CLANG_ENABLE_MODULES = YES;
				CLANG_ENABLE_OBJC_ARC = YES;
				CLANG_ENABLE_OBJC_WEAK = YES;
				CLANG_WARN_BLOCK_CAPTURE_AUTORELEASING = YES;
				CLANG_WARN_BOOL_CONVERSION = YES;
				CLANG_WARN_COMMA = YES;
				CLANG_WARN_CONSTANT_CONVERSION = YES;
				CLANG_WARN_DEPRECATED_OBJC_IMPLEMENTATIONS = YES;
				CLANG_WARN_DIRECT_OBJC_ISA_USAGE = YES_ERROR;
				CLANG_WARN_DOCUMENTATION_COMMENTS = YES;
				CLANG_WARN_EMPTY_BODY = YES;
				CLANG_WARN_ENUM_CONVERSION = YES;
				CLANG_WARN_INFINITE_RECURSION = YES;
				CLANG_WARN_INT_CONVERSION = YES;
				CLANG_WARN_NON_LITERAL_NULL_CONVERSION = YES;
				CLANG_WARN_OBJC_IMPLICIT_RETAIN_SELF = YES;
				CLANG_WARN_OBJC_LITERAL_CONVERSION = YES;
				CLANG_WARN_OBJC_ROOT_CLASS = YES_ERROR;
				CLANG_WARN_RANGE_LOOP_ANALYSIS = YES;
				CLANG_WARN_STRICT_PROTOTYPES = YES;
				CLANG_WARN_SUSPICIOUS_MOVE = YES;
				CLANG_WARN_UNGUARDED_AVAILABILITY = YES_AGGRESSIVE;
				CLANG_WARN_UNREACHABLE_CODE = YES;
				CLANG_WARN__DUPLICATE_METHOD_MATCH = YES;
				CODE_SIGN_IDENTITY = "iPhone Developer";
				COPY_PHASE_STRIP = NO;
				DEBUG_INFORMATION_FORMAT = "dwarf-with-dsym";
				ENABLE_NS_ASSERTIONS = NO;
				ENABLE_STRICT_OBJC_MSGSEND = YES;
				GCC_C_LANGUAGE_STANDARD = gnu11;
				GCC_NO_COMMON_BLOCKS = YES;
				GCC_WARN_64_TO_32_BIT_CONVERSION = YES;
				GCC_WARN_ABOUT_RETURN_TYPE = YES_ERROR;
				GCC_WARN_UNDECLARED_SELECTOR = YES;
				GCC_WARN_UNINITIALIZED_AUTOS = YES_AGGRESSIVE;
				GCC_WARN_UNUSED_FUNCTION = YES;
				GCC_WARN_UNUSED_VARIABLE = YES;
				IPHONEOS_DEPLOYMENT_TARGET = 12.0;
				MTL_ENABLE_DEBUG_INFO = NO;
				MTL_FAST_MATH = YES;
				SDKROOT = iphoneos;
				SWIFT_COMPILATION_MODE = wholemodule;
				SWIFT_OPTIMIZATION_LEVEL = "-O";
				VALIDATE_PRODUCT = YES;
			};
			name = Release;
		};
		2773CD0C2162ED85007509DA /* Debug */ = {
			isa = XCBuildConfiguration;
			buildSettings = {
				ASSETCATALOG_COMPILER_APPICON_NAME = AppIcon;
				CODE_SIGN_STYLE = Automatic;
				DEVELOPMENT_TEAM = Z2FQX94TP2;
				INFOPLIST_FILE = Flix_Part1/Info.plist;
				LD_RUNPATH_SEARCH_PATHS = (
					"$(inherited)",
					"@executable_path/Frameworks",
				);
				PRODUCT_BUNDLE_IDENTIFIER = "com.MKS.Flix-Part1";
				PRODUCT_NAME = "$(TARGET_NAME)";
				SWIFT_VERSION = 4.2;
				TARGETED_DEVICE_FAMILY = "1,2";
			};
			name = Debug;
		};
		2773CD0D2162ED85007509DA /* Release */ = {
			isa = XCBuildConfiguration;
			buildSettings = {
				ASSETCATALOG_COMPILER_APPICON_NAME = AppIcon;
				CODE_SIGN_STYLE = Automatic;
				DEVELOPMENT_TEAM = Z2FQX94TP2;
				INFOPLIST_FILE = Flix_Part1/Info.plist;
				LD_RUNPATH_SEARCH_PATHS = (
					"$(inherited)",
					"@executable_path/Frameworks",
				);
				PRODUCT_BUNDLE_IDENTIFIER = "com.MKS.Flix-Part1";
				PRODUCT_NAME = "$(TARGET_NAME)";
				SWIFT_VERSION = 4.2;
				TARGETED_DEVICE_FAMILY = "1,2";
			};
			name = Release;
		};
		2773CD0F2162ED85007509DA /* Debug */ = {
			isa = XCBuildConfiguration;
			buildSettings = {
				ALWAYS_EMBED_SWIFT_STANDARD_LIBRARIES = YES;
				BUNDLE_LOADER = "$(TEST_HOST)";
				CODE_SIGN_STYLE = Automatic;
				DEVELOPMENT_TEAM = Z2FQX94TP2;
				INFOPLIST_FILE = Flix_Part1Tests/Info.plist;
				LD_RUNPATH_SEARCH_PATHS = (
					"$(inherited)",
					"@executable_path/Frameworks",
					"@loader_path/Frameworks",
				);
				PRODUCT_BUNDLE_IDENTIFIER = "com.MKS.Flix-Part1Tests";
				PRODUCT_NAME = "$(TARGET_NAME)";
				SWIFT_VERSION = 4.2;
				TARGETED_DEVICE_FAMILY = "1,2";
				TEST_HOST = "$(BUILT_PRODUCTS_DIR)/Flix_Part1.app/Flix_Part1";
			};
			name = Debug;
		};
		2773CD102162ED85007509DA /* Release */ = {
			isa = XCBuildConfiguration;
			buildSettings = {
				ALWAYS_EMBED_SWIFT_STANDARD_LIBRARIES = YES;
				BUNDLE_LOADER = "$(TEST_HOST)";
				CODE_SIGN_STYLE = Automatic;
				DEVELOPMENT_TEAM = Z2FQX94TP2;
				INFOPLIST_FILE = Flix_Part1Tests/Info.plist;
				LD_RUNPATH_SEARCH_PATHS = (
					"$(inherited)",
					"@executable_path/Frameworks",
					"@loader_path/Frameworks",
				);
				PRODUCT_BUNDLE_IDENTIFIER = "com.MKS.Flix-Part1Tests";
				PRODUCT_NAME = "$(TARGET_NAME)";
				SWIFT_VERSION = 4.2;
				TARGETED_DEVICE_FAMILY = "1,2";
				TEST_HOST = "$(BUILT_PRODUCTS_DIR)/Flix_Part1.app/Flix_Part1";
			};
			name = Release;
		};
		2773CD122162ED85007509DA /* Debug */ = {
			isa = XCBuildConfiguration;
			buildSettings = {
				ALWAYS_EMBED_SWIFT_STANDARD_LIBRARIES = YES;
				CODE_SIGN_STYLE = Automatic;
				DEVELOPMENT_TEAM = Z2FQX94TP2;
				INFOPLIST_FILE = Flix_Part1UITests/Info.plist;
				LD_RUNPATH_SEARCH_PATHS = (
					"$(inherited)",
					"@executable_path/Frameworks",
					"@loader_path/Frameworks",
				);
				PRODUCT_BUNDLE_IDENTIFIER = "com.MKS.Flix-Part1UITests";
				PRODUCT_NAME = "$(TARGET_NAME)";
				SWIFT_VERSION = 4.2;
				TARGETED_DEVICE_FAMILY = "1,2";
				TEST_TARGET_NAME = Flix_Part1;
			};
			name = Debug;
		};
		2773CD132162ED85007509DA /* Release */ = {
			isa = XCBuildConfiguration;
			buildSettings = {
				ALWAYS_EMBED_SWIFT_STANDARD_LIBRARIES = YES;
				CODE_SIGN_STYLE = Automatic;
				DEVELOPMENT_TEAM = Z2FQX94TP2;
				INFOPLIST_FILE = Flix_Part1UITests/Info.plist;
				LD_RUNPATH_SEARCH_PATHS = (
					"$(inherited)",
					"@executable_path/Frameworks",
					"@loader_path/Frameworks",
				);
				PRODUCT_BUNDLE_IDENTIFIER = "com.MKS.Flix-Part1UITests";
				PRODUCT_NAME = "$(TARGET_NAME)";
				SWIFT_VERSION = 4.2;
				TARGETED_DEVICE_FAMILY = "1,2";
				TEST_TARGET_NAME = Flix_Part1;
			};
			name = Release;
		};
/* End XCBuildConfiguration section */

/* Begin XCConfigurationList section */
		2773CCDE2162ED81007509DA /* Build configuration list for PBXProject "Flix_Part1" */ = {
			isa = XCConfigurationList;
			buildConfigurations = (
				2773CD092162ED85007509DA /* Debug */,
				2773CD0A2162ED85007509DA /* Release */,
			);
			defaultConfigurationIsVisible = 0;
			defaultConfigurationName = Release;
		};
		2773CD0B2162ED85007509DA /* Build configuration list for PBXNativeTarget "Flix_Part1" */ = {
			isa = XCConfigurationList;
			buildConfigurations = (
				2773CD0C2162ED85007509DA /* Debug */,
				2773CD0D2162ED85007509DA /* Release */,
			);
			defaultConfigurationIsVisible = 0;
			defaultConfigurationName = Release;
		};
		2773CD0E2162ED85007509DA /* Build configuration list for PBXNativeTarget "Flix_Part1Tests" */ = {
			isa = XCConfigurationList;
			buildConfigurations = (
				2773CD0F2162ED85007509DA /* Debug */,
				2773CD102162ED85007509DA /* Release */,
			);
			defaultConfigurationIsVisible = 0;
			defaultConfigurationName = Release;
		};
		2773CD112162ED85007509DA /* Build configuration list for PBXNativeTarget "Flix_Part1UITests" */ = {
			isa = XCConfigurationList;
			buildConfigurations = (
				2773CD122162ED85007509DA /* Debug */,
				2773CD132162ED85007509DA /* Release */,
			);
			defaultConfigurationIsVisible = 0;
			defaultConfigurationName = Release;
		};
/* End XCConfigurationList section */
	};
	rootObject = 2773CCDB2162ED80007509DA /* Project object */;
}
